
Microsoft Visual Studio Solution File, Format Version 12.00
# Visual Studio Version 16
VisualStudioVersion = 16.0.31424.327
MinimumVisualStudioVersion = 10.0.40219.1
Project("{FAE04EC0-301F-11D3-BF4B-00C04F79EFBC}") = "Kara", "Kara\Kara.csproj", "{196CDF96-570D-4777-98C8-6C12B1E0DF11}"
EndProject
Global
	GlobalSection(SolutionConfigurationPlatforms) = preSolution
		Debug|Any CPU = Debug|Any CPU
		Release|Any CPU = Release|Any CPU
	EndGlobalSection
	GlobalSection(ProjectConfigurationPlatforms) = postSolution
		{196CDF96-570D-4777-98C8-6C12B1E0DF11}.Debug|Any CPU.ActiveCfg = Debug|Any CPU
		{196CDF96-570D-4777-98C8-6C12B1E0DF11}.Debug|Any CPU.Build.0 = Debug|Any CPU
		{196CDF96-570D-4777-98C8-6C12B1E0DF11}.Release|Any CPU.ActiveCfg = Release|Any CPU
		{196CDF96-570D-4777-98C8-6C12B1E0DF11}.Release|Any CPU.Build.0 = Release|Any CPU
	EndGlobalSection
	GlobalSection(SolutionProperties) = preSolution
		HideSolutionNode = FALSE
	EndGlobalSection
	GlobalSection(ExtensibilityGlobals) = postSolution
		SolutionGuid = {FB0EA899-173D-483E-9B9F-30958878044B}
	EndGlobalSection
EndGlobal
